
Microsoft Visual Studio Solution File, Format Version 12.00
# Visual Studio Version 17
VisualStudioVersion = 17.0.31903.59
MinimumVisualStudioVersion = 10.0.40219.1
Project("{2150E333-8FDC-42A3-9474-1A3956D46DE8}") = "src", "src", "{827E0CD3-B72D-47B6-A68D-7590B98EB39B}"
EndProject
Project("{FAE04EC0-301F-11D3-BF4B-00C04F79EFBC}") = "KotoDibo.Domain", "src\KotoDibo.Domain\KotoDibo.Domain.csproj", "{7B7950B4-C320-4A8E-8DFB-2CCA5A09D476}"
EndProject
Project("{FAE04EC0-301F-11D3-BF4B-00C04F79EFBC}") = "KotoDibo.Common", "src\KotoDibo.Common\KotoDibo.Common.csproj", "{B8981644-11EB-4AC0-8BD0-6E738D6B8019}"
EndProject
Project("{FAE04EC0-301F-11D3-BF4B-00C04F79EFBC}") = "KotoDibo.Application", "src\KotoDibo.Application\KotoDibo.Application.csproj", "{48B839BD-9F1F-4A8D-9A17-A2C0B190C4B3}"
EndProject
Project("{FAE04EC0-301F-11D3-BF4B-00C04F79EFBC}") = "KotoDibo.Infrastructure", "src\KotoDibo.Infrastructure\KotoDibo.Infrastructure.csproj", "{8668F8C6-8483-4807-B1CA-8BA473EA9E0F}"
EndProject
Project("{FAE04EC0-301F-11D3-BF4B-00C04F79EFBC}") = "KotoDibo.Api", "src\KotoDibo.Api\KotoDibo.Api.csproj", "{D4099D09-1EE2-40DC-9285-33679F6ACB73}"
EndProject
Project("{2150E333-8FDC-42A3-9474-1A3956D46DE8}") = "tests", "tests", "{0AB3BF05-4346-4AA6-1389-037BE0695223}"
EndProject
Project("{FAE04EC0-301F-11D3-BF4B-00C04F79EFBC}") = "KotoDibo.UnitTests", "tests\KotoDibo.UnitTests\KotoDibo.UnitTests.csproj", "{0B7EEC6D-0EB8-4D88-A6B1-2F936F18B2C8}"
EndProject
Project("{FAE04EC0-301F-11D3-BF4B-00C04F79EFBC}") = "KotoDibo.IntegrationTests", "tests\KotoDibo.IntegrationTests\KotoDibo.IntegrationTests.csproj", "{ACE92577-8E52-4843-B183-577B49160815}"
EndProject
Global
	GlobalSection(SolutionConfigurationPlatforms) = preSolution
		Debug|Any CPU = Debug|Any CPU
		Debug|x64 = Debug|x64
		Debug|x86 = Debug|x86
		Release|Any CPU = Release|Any CPU
		Release|x64 = Release|x64
		Release|x86 = Release|x86
	EndGlobalSection
	GlobalSection(ProjectConfigurationPlatforms) = postSolution
		{7B7950B4-C320-4A8E-8DFB-2CCA5A09D476}.Debug|Any CPU.ActiveCfg = Debug|Any CPU
		{7B7950B4-C320-4A8E-8DFB-2CCA5A09D476}.Debug|Any CPU.Build.0 = Debug|Any CPU
		{7B7950B4-C320-4A8E-8DFB-2CCA5A09D476}.Debug|x64.ActiveCfg = Debug|Any CPU
		{7B7950B4-C320-4A8E-8DFB-2CCA5A09D476}.Debug|x64.Build.0 = Debug|Any CPU
		{7B7950B4-C320-4A8E-8DFB-2CCA5A09D476}.Debug|x86.ActiveCfg = Debug|Any CPU
		{7B7950B4-C320-4A8E-8DFB-2CCA5A09D476}.Debug|x86.Build.0 = Debug|Any CPU
		{7B7950B4-C320-4A8E-8DFB-2CCA5A09D476}.Release|Any CPU.ActiveCfg = Release|Any CPU
		{7B7950B4-C320-4A8E-8DFB-2CCA5A09D476}.Release|Any CPU.Build.0 = Release|Any CPU
		{7B7950B4-C320-4A8E-8DFB-2CCA5A09D476}.Release|x64.ActiveCfg = Release|Any CPU
		{7B7950B4-C320-4A8E-8DFB-2CCA5A09D476}.Release|x64.Build.0 = Release|Any CPU
		{7B7950B4-C320-4A8E-8DFB-2CCA5A09D476}.Release|x86.ActiveCfg = Release|Any CPU
		{7B7950B4-C320-4A8E-8DFB-2CCA5A09D476}.Release|x86.Build.0 = Release|Any CPU
		{B8981644-11EB-4AC0-8BD0-6E738D6B8019}.Debug|Any CPU.ActiveCfg = Debug|Any CPU
		{B8981644-11EB-4AC0-8BD0-6E738D6B8019}.Debug|Any CPU.Build.0 = Debug|Any CPU
		{B8981644-11EB-4AC0-8BD0-6E738D6B8019}.Debug|x64.ActiveCfg = Debug|Any CPU
		{B8981644-11EB-4AC0-8BD0-6E738D6B8019}.Debug|x64.Build.0 = Debug|Any CPU
		{B8981644-11EB-4AC0-8BD0-6E738D6B8019}.Debug|x86.ActiveCfg = Debug|Any CPU
		{B8981644-11EB-4AC0-8BD0-6E738D6B8019}.Debug|x86.Build.0 = Debug|Any CPU
		{B8981644-11EB-4AC0-8BD0-6E738D6B8019}.Release|Any CPU.ActiveCfg = Release|Any CPU
		{B8981644-11EB-4AC0-8BD0-6E738D6B8019}.Release|Any CPU.Build.0 = Release|Any CPU
		{B8981644-11EB-4AC0-8BD0-6E738D6B8019}.Release|x64.ActiveCfg = Release|Any CPU
		{B8981644-11EB-4AC0-8BD0-6E738D6B8019}.Release|x64.Build.0 = Release|Any CPU
		{B8981644-11EB-4AC0-8BD0-6E738D6B8019}.Release|x86.ActiveCfg = Release|Any CPU
		{B8981644-11EB-4AC0-8BD0-6E738D6B8019}.Release|x86.Build.0 = Release|Any CPU
		{48B839BD-9F1F-4A8D-9A17-A2C0B190C4B3}.Debug|Any CPU.ActiveCfg = Debug|Any CPU
		{48B839BD-9F1F-4A8D-9A17-A2C0B190C4B3}.Debug|Any CPU.Build.0 = Debug|Any CPU
		{48B839BD-9F1F-4A8D-9A17-A2C0B190C4B3}.Debug|x64.ActiveCfg = Debug|Any CPU
		{48B839BD-9F1F-4A8D-9A17-A2C0B190C4B3}.Debug|x64.Build.0 = Debug|Any CPU
		{48B839BD-9F1F-4A8D-9A17-A2C0B190C4B3}.Debug|x86.ActiveCfg = Debug|Any CPU
		{48B839BD-9F1F-4A8D-9A17-A2C0B190C4B3}.Debug|x86.Build.0 = Debug|Any CPU
		{48B839BD-9F1F-4A8D-9A17-A2C0B190C4B3}.Release|Any CPU.ActiveCfg = Release|Any CPU
		{48B839BD-9F1F-4A8D-9A17-A2C0B190C4B3}.Release|Any CPU.Build.0 = Release|Any CPU
		{48B839BD-9F1F-4A8D-9A17-A2C0B190C4B3}.Release|x64.ActiveCfg = Release|Any CPU
		{48B839BD-9F1F-4A8D-9A17-A2C0B190C4B3}.Release|x64.Build.0 = Release|Any CPU
		{48B839BD-9F1F-4A8D-9A17-A2C0B190C4B3}.Release|x86.ActiveCfg = Release|Any CPU
		{48B839BD-9F1F-4A8D-9A17-A2C0B190C4B3}.Release|x86.Build.0 = Release|Any CPU
		{8668F8C6-8483-4807-B1CA-8BA473EA9E0F}.Debug|Any CPU.ActiveCfg = Debug|Any CPU
		{8668F8C6-8483-4807-B1CA-8BA473EA9E0F}.Debug|Any CPU.Build.0 = Debug|Any CPU
		{8668F8C6-8483-4807-B1CA-8BA473EA9E0F}.Debug|x64.ActiveCfg = Debug|Any CPU
		{8668F8C6-8483-4807-B1CA-8BA473EA9E0F}.Debug|x64.Build.0 = Debug|Any CPU
		{8668F8C6-8483-4807-B1CA-8BA473EA9E0F}.Debug|x86.ActiveCfg = Debug|Any CPU
		{8668F8C6-8483-4807-B1CA-8BA473EA9E0F}.Debug|x86.Build.0 = Debug|Any CPU
		{8668F8C6-8483-4807-B1CA-8BA473EA9E0F}.Release|Any CPU.ActiveCfg = Release|Any CPU
		{8668F8C6-8483-4807-B1CA-8BA473EA9E0F}.Release|Any CPU.Build.0 = Release|Any CPU
		{8668F8C6-8483-4807-B1CA-8BA473EA9E0F}.Release|x64.ActiveCfg = Release|Any CPU
		{8668F8C6-8483-4807-B1CA-8BA473EA9E0F}.Release|x64.Build.0 = Release|Any CPU
		{8668F8C6-8483-4807-B1CA-8BA473EA9E0F}.Release|x86.ActiveCfg = Release|Any CPU
		{8668F8C6-8483-4807-B1CA-8BA473EA9E0F}.Release|x86.Build.0 = Release|Any CPU
		{D4099D09-1EE2-40DC-9285-33679F6ACB73}.Debug|Any CPU.ActiveCfg = Debug|Any CPU
		{D4099D09-1EE2-40DC-9285-33679F6ACB73}.Debug|Any CPU.Build.0 = Debug|Any CPU
		{D4099D09-1EE2-40DC-9285-33679F6ACB73}.Debug|x64.ActiveCfg = Debug|Any CPU
		{D4099D09-1EE2-40DC-9285-33679F6ACB73}.Debug|x64.Build.0 = Debug|Any CPU
		{D4099D09-1EE2-40DC-9285-33679F6ACB73}.Debug|x86.ActiveCfg = Debug|Any CPU
		{D4099D09-1EE2-40DC-9285-33679F6ACB73}.Debug|x86.Build.0 = Debug|Any CPU
		{D4099D09-1EE2-40DC-9285-33679F6ACB73}.Release|Any CPU.ActiveCfg = Release|Any CPU
		{D4099D09-1EE2-40DC-9285-33679F6ACB73}.Release|Any CPU.Build.0 = Release|Any CPU
		{D4099D09-1EE2-40DC-9285-33679F6ACB73}.Release|x64.ActiveCfg = Release|Any CPU
		{D4099D09-1EE2-40DC-9285-33679F6ACB73}.Release|x64.Build.0 = Release|Any CPU
		{D4099D09-1EE2-40DC-9285-33679F6ACB73}.Release|x86.ActiveCfg = Release|Any CPU
		{D4099D09-1EE2-40DC-9285-33679F6ACB73}.Release|x86.Build.0 = Release|Any CPU
		{0B7EEC6D-0EB8-4D88-A6B1-2F936F18B2C8}.Debug|Any CPU.ActiveCfg = Debug|Any CPU
		{0B7EEC6D-0EB8-4D88-A6B1-2F936F18B2C8}.Debug|Any CPU.Build.0 = Debug|Any CPU
		{0B7EEC6D-0EB8-4D88-A6B1-2F936F18B2C8}.Debug|x64.ActiveCfg = Debug|Any CPU
		{0B7EEC6D-0EB8-4D88-A6B1-2F936F18B2C8}.Debug|x64.Build.0 = Debug|Any CPU
		{0B7EEC6D-0EB8-4D88-A6B1-2F936F18B2C8}.Debug|x86.ActiveCfg = Debug|Any CPU
		{0B7EEC6D-0EB8-4D88-A6B1-2F936F18B2C8}.Debug|x86.Build.0 = Debug|Any CPU
		{0B7EEC6D-0EB8-4D88-A6B1-2F936F18B2C8}.Release|Any CPU.ActiveCfg = Release|Any CPU
		{0B7EEC6D-0EB8-4D88-A6B1-2F936F18B2C8}.Release|Any CPU.Build.0 = Release|Any CPU
		{0B7EEC6D-0EB8-4D88-A6B1-2F936F18B2C8}.Release|x64.ActiveCfg = Release|Any CPU
		{0B7EEC6D-0EB8-4D88-A6B1-2F936F18B2C8}.Release|x64.Build.0 = Release|Any CPU
		{0B7EEC6D-0EB8-4D88-A6B1-2F936F18B2C8}.Release|x86.ActiveCfg = Release|Any CPU
		{0B7EEC6D-0EB8-4D88-A6B1-2F936F18B2C8}.Release|x86.Build.0 = Release|Any CPU
		{ACE92577-8E52-4843-B183-577B49160815}.Debug|Any CPU.ActiveCfg = Debug|Any CPU
		{ACE92577-8E52-4843-B183-577B49160815}.Debug|Any CPU.Build.0 = Debug|Any CPU
		{ACE92577-8E52-4843-B183-577B49160815}.Debug|x64.ActiveCfg = Debug|Any CPU
		{ACE92577-8E52-4843-B183-577B49160815}.Debug|x64.Build.0 = Debug|Any CPU
		{ACE92577-8E52-4843-B183-577B49160815}.Debug|x86.ActiveCfg = Debug|Any CPU
		{ACE92577-8E52-4843-B183-577B49160815}.Debug|x86.Build.0 = Debug|Any CPU
		{ACE92577-8E52-4843-B183-577B49160815}.Release|Any CPU.ActiveCfg = Release|Any CPU
		{ACE92577-8E52-4843-B183-577B49160815}.Release|Any CPU.Build.0 = Release|Any CPU
		{ACE92577-8E52-4843-B183-577B49160815}.Release|x64.ActiveCfg = Release|Any CPU
		{ACE92577-8E52-4843-B183-577B49160815}.Release|x64.Build.0 = Release|Any CPU
		{ACE92577-8E52-4843-B183-577B49160815}.Release|x86.ActiveCfg = Release|Any CPU
		{ACE92577-8E52-4843-B183-577B49160815}.Release|x86.Build.0 = Release|Any CPU
	EndGlobalSection
	GlobalSection(SolutionProperties) = preSolution
		HideSolutionNode = FALSE
	EndGlobalSection
	GlobalSection(NestedProjects) = preSolution
		{7B7950B4-C320-4A8E-8DFB-2CCA5A09D476} = {827E0CD3-B72D-47B6-A68D-7590B98EB39B}
		{B8981644-11EB-4AC0-8BD0-6E738D6B8019} = {827E0CD3-B72D-47B6-A68D-7590B98EB39B}
		{48B839BD-9F1F-4A8D-9A17-A2C0B190C4B3} = {827E0CD3-B72D-47B6-A68D-7590B98EB39B}
		{8668F8C6-8483-4807-B1CA-8BA473EA9E0F} = {827E0CD3-B72D-47B6-A68D-7590B98EB39B}
		{D4099D09-1EE2-40DC-9285-33679F6ACB73} = {827E0CD3-B72D-47B6-A68D-7590B98EB39B}
		{0B7EEC6D-0EB8-4D88-A6B1-2F936F18B2C8} = {0AB3BF05-4346-4AA6-1389-037BE0695223}
		{ACE92577-8E52-4843-B183-577B49160815} = {0AB3BF05-4346-4AA6-1389-037BE0695223}
	EndGlobalSection
EndGlobal
